
Microsoft Visual Studio Solution File, Format Version 12.00
# Visual Studio Version 17
VisualStudioVersion = 17.8.34330.188
MinimumVisualStudioVersion = 10.0.40219.1
Project("{FAE04EC0-301F-11D3-BF4B-00C04F79EFBC}") = "CNPM11123", "CNPM11123\CNPM11123.csproj", "{50407981-C6BD-4365-950C-7525CAC26BF9}"
EndProject
Global
	GlobalSection(SolutionConfigurationPlatforms) = preSolution
		Debug|Any CPU = Debug|Any CPU
		Release|Any CPU = Release|Any CPU
	EndGlobalSection
	GlobalSection(ProjectConfigurationPlatforms) = postSolution
		{50407981-C6BD-4365-950C-7525CAC26BF9}.Debug|Any CPU.ActiveCfg = Debug|Any CPU
		{50407981-C6BD-4365-950C-7525CAC26BF9}.Debug|Any CPU.Build.0 = Debug|Any CPU
		{50407981-C6BD-4365-950C-7525CAC26BF9}.Release|Any CPU.ActiveCfg = Release|Any CPU
		{50407981-C6BD-4365-950C-7525CAC26BF9}.Release|Any CPU.Build.0 = Release|Any CPU
	EndGlobalSection
	GlobalSection(SolutionProperties) = preSolution
		HideSolutionNode = FALSE
	EndGlobalSection
	GlobalSection(ExtensibilityGlobals) = postSolution
		SolutionGuid = {EA732A0F-FB69-4304-A2C7-B540A961D095}
	EndGlobalSection
EndGlobal
